
Microsoft Visual Studio Solution File, Format Version 12.00
# Visual Studio Version 17
VisualStudioVersion = 17.8.34525.116
MinimumVisualStudioVersion = 10.0.40219.1
Project("{FAE04EC0-301F-11D3-BF4B-00C04F79EFBC}") = "Day 1", "Day 1\Day 1.csproj", "{D3D9CE32-1FF8-44C9-AA29-11682F249D8A}"
EndProject
Global
	GlobalSection(SolutionConfigurationPlatforms) = preSolution
		Debug|Any CPU = Debug|Any CPU
		Release|Any CPU = Release|Any CPU
	EndGlobalSection
	GlobalSection(ProjectConfigurationPlatforms) = postSolution
		{D3D9CE32-1FF8-44C9-AA29-11682F249D8A}.Debug|Any CPU.ActiveCfg = Debug|Any CPU
		{D3D9CE32-1FF8-44C9-AA29-11682F249D8A}.Debug|Any CPU.Build.0 = Debug|Any CPU
		{D3D9CE32-1FF8-44C9-AA29-11682F249D8A}.Release|Any CPU.ActiveCfg = Release|Any CPU
		{D3D9CE32-1FF8-44C9-AA29-11682F249D8A}.Release|Any CPU.Build.0 = Release|Any CPU
	EndGlobalSection
	GlobalSection(SolutionProperties) = preSolution
		HideSolutionNode = FALSE
	EndGlobalSection
	GlobalSection(ExtensibilityGlobals) = postSolution
		SolutionGuid = {170CE4F8-0D1C-4354-BCA1-59099805A5B9}
	EndGlobalSection
EndGlobal
